
Microsoft Visual Studio Solution File, Format Version 12.00
# Visual Studio Version 16
VisualStudioVersion = 16.0.31424.327
MinimumVisualStudioVersion = 10.0.40219.1
Project("{FAE04EC0-301F-11D3-BF4B-00C04F79EFBC}") = "Goto", "Task-1\Goto.csproj", "{89DF70F6-C108-42BB-B164-6720D488E7B8}"
EndProject
Project("{FAE04EC0-301F-11D3-BF4B-00C04F79EFBC}") = "Task-1", "Task-2\Task-1.csproj", "{0347CBEE-A1B8-447F-8712-0DC1ADACB36B}"
EndProject
Project("{FAE04EC0-301F-11D3-BF4B-00C04F79EFBC}") = "Task--2", "Task--2\Task--2.csproj", "{94533211-F5DC-4C8F-88F5-6EEE8BED5287}"
EndProject
Global
	GlobalSection(SolutionConfigurationPlatforms) = preSolution
		Debug|Any CPU = Debug|Any CPU
		Release|Any CPU = Release|Any CPU
	EndGlobalSection
	GlobalSection(ProjectConfigurationPlatforms) = postSolution
		{89DF70F6-C108-42BB-B164-6720D488E7B8}.Debug|Any CPU.ActiveCfg = Debug|Any CPU
		{89DF70F6-C108-42BB-B164-6720D488E7B8}.Debug|Any CPU.Build.0 = Debug|Any CPU
		{89DF70F6-C108-42BB-B164-6720D488E7B8}.Release|Any CPU.ActiveCfg = Release|Any CPU
		{89DF70F6-C108-42BB-B164-6720D488E7B8}.Release|Any CPU.Build.0 = Release|Any CPU
		{0347CBEE-A1B8-447F-8712-0DC1ADACB36B}.Debug|Any CPU.ActiveCfg = Debug|Any CPU
		{0347CBEE-A1B8-447F-8712-0DC1ADACB36B}.Debug|Any CPU.Build.0 = Debug|Any CPU
		{0347CBEE-A1B8-447F-8712-0DC1ADACB36B}.Release|Any CPU.ActiveCfg = Release|Any CPU
		{0347CBEE-A1B8-447F-8712-0DC1ADACB36B}.Release|Any CPU.Build.0 = Release|Any CPU
		{94533211-F5DC-4C8F-88F5-6EEE8BED5287}.Debug|Any CPU.ActiveCfg = Debug|Any CPU
		{94533211-F5DC-4C8F-88F5-6EEE8BED5287}.Debug|Any CPU.Build.0 = Debug|Any CPU
		{94533211-F5DC-4C8F-88F5-6EEE8BED5287}.Release|Any CPU.ActiveCfg = Release|Any CPU
		{94533211-F5DC-4C8F-88F5-6EEE8BED5287}.Release|Any CPU.Build.0 = Release|Any CPU
	EndGlobalSection
	GlobalSection(SolutionProperties) = preSolution
		HideSolutionNode = FALSE
	EndGlobalSection
	GlobalSection(ExtensibilityGlobals) = postSolution
		SolutionGuid = {14D2DCE0-C10B-407E-8C12-87E1195E72A5}
	EndGlobalSection
EndGlobal
